<?xml version="1.0" encoding="utf-8"?>
<Project ToolsVersion="4.0" xmlns="http://schemas.microsoft.com/developer/msbuild/2003">
  <ItemGroup>
    <Filter Include="Source Files">
      <UniqueIdentifier>{52926a39-cf63-46c5-add4-4932462fb0e8}</UniqueIdentifier>
      <Extensions>cpp;c;cc;cxx;def;idl;odl</Extensions>
    </Filter>
    <Filter Include="Include Files">
      <UniqueIdentifier>{028deac1-3b73-4ca6-8b26-f835ae5da1ef}</UniqueIdentifier>
      <Extensions>h;hh;hxx</Extensions>
    </Filter>
    <Filter Include="Resource Files">
      <UniqueIdentifier>{a062f2ec-1ab4-479a-ad96-d7f32e6f1b47}</UniqueIdentifier>
      <Extensions>rc;ico;bmp;cur;jpg;gif</Extensions>
    </Filter>
    <Filter Include="Common Files">
      <UniqueIdentifier>{61e5dc61-d372-42ad-9a2e-0de52e6da60b}</UniqueIdentifier>
    </Filter>
  </ItemGroup>
  <ItemGroup>
    <ClCompile Include="acrxEntryPoint.cpp">
      <Filter>Source Files</Filter>
    </ClCompile>
    <ClCompile Include="DocData.cpp">
      <Filter>Source Files</Filter>
    </ClCompile>
    <ClCompile Include="RouteInfo.cpp">
      <Filter>Source Files</Filter>
    </ClCompile>
    <ClCompile Include="RouteViewport.cpp">
      <Filter>Source Files</Filter>
    </ClCompile>
    <ClCompile Include="RouteVPortDlg.cpp">
      <Filter>Source Files</Filter>
    </ClCompile>
    <ClCompile Include="StdAfx.cpp">
      <Filter>Source Files</Filter>
    </ClCompile>
    <ClCompile Include="xSkinButton.cpp">
      <Filter>Source Files</Filter>
    </ClCompile>
    <ClCompile Include="..\Common\BalloonHelp.cpp">
      <Filter>Common Files</Filter>
    </ClCompile>
    <ClCompile Include="..\Common\DCSFloatEdit.cpp">
      <Filter>Common Files</Filter>
    </ClCompile>
    <ClCompile Include="..\Common\JoinSegments.cpp">
      <Filter>Common Files</Filter>
    </ClCompile>
    <ClCompile Include="..\Common\ProjectUtils.cpp">
      <Filter>Common Files</Filter>
    </ClCompile>
    <ClCompile Include="..\Common\QueryTbl.cpp">
      <Filter>Common Files</Filter>
    </ClCompile>
    <ClCompile Include="..\Common\ReadINI.cpp">
      <Filter>Common Files</Filter>
    </ClCompile>
    <ClCompile Include="..\Common\XPathParser.cpp">
      <Filter>Common Files</Filter>
    </ClCompile>
  </ItemGroup>
  <ItemGroup>
    <ClInclude Include="DocData.h">
      <Filter>Include Files</Filter>
    </ClInclude>
    <ClInclude Include="Resource.h">
      <Filter>Include Files</Filter>
    </ClInclude>
    <ClInclude Include="RouteInfo.h">
      <Filter>Include Files</Filter>
    </ClInclude>
    <ClInclude Include="RouteVPortDlg.h">
      <Filter>Include Files</Filter>
    </ClInclude>
    <ClInclude Include="StdAfx.h">
      <Filter>Include Files</Filter>
    </ClInclude>
    <ClInclude Include="xSkinButton.h">
      <Filter>Include Files</Filter>
    </ClInclude>
    <ClInclude Include="..\Common\BalloonHelp.h">
      <Filter>Common Files</Filter>
    </ClInclude>
    <ClInclude Include="..\Common\DCSFloatEdit.h">
      <Filter>Common Files</Filter>
    </ClInclude>
    <ClInclude Include="..\Common\Hherror.h">
      <Filter>Common Files</Filter>
    </ClInclude>
    <ClInclude Include="..\Common\JoinSegments.h">
      <Filter>Common Files</Filter>
    </ClInclude>
    <ClInclude Include="..\Common\ProjectUtils.h">
      <Filter>Common Files</Filter>
    </ClInclude>
    <ClInclude Include="..\Common\QueryTbl.h">
      <Filter>Common Files</Filter>
    </ClInclude>
    <ClInclude Include="..\Common\XPathParser.h">
      <Filter>Common Files</Filter>
    </ClInclude>
  </ItemGroup>
  <ItemGroup>
    <None Include="res\bitmap1.bmp">
      <Filter>Resource Files</Filter>
    </None>
    <None Include="res\bitmap2.bmp">
      <Filter>Resource Files</Filter>
    </None>
    <None Include="res\BLANK.bmp">
      <Filter>Resource Files</Filter>
    </None>
    <None Include="res\BLNCK.bmp">
      <Filter>Resource Files</Filter>
    </None>
    <None Include="Ecisting.ico">
      <Filter>Resource Files</Filter>
    </None>
    <None Include="res\Existing.bmp">
      <Filter>Resource Files</Filter>
    </None>
    <None Include="res\Existing.ico">
      <Filter>Resource Files</Filter>
    </None>
    <None Include="res\icon3.ico">
      <Filter>Resource Files</Filter>
    </None>
    <None Include="res\icon4.ico">
      <Filter>Resource Files</Filter>
    </None>
    <None Include="res\Info.bmp">
      <Filter>Resource Files</Filter>
    </None>
    <None Include="res\Proposed.bmp">
      <Filter>Resource Files</Filter>
    </None>
    <None Include="Proposed.ico">
      <Filter>Resource Files</Filter>
    </None>
    <None Include="res\proposed.ico">
      <Filter>Resource Files</Filter>
    </None>
    <None Include="res\Select.bmp">
      <Filter>Resource Files</Filter>
    </None>
    <None Include="res\Trench.bmp">
      <Filter>Resource Files</Filter>
    </None>
  </ItemGroup>
  <ItemGroup>
    <ResourceCompile Include="RouteViewport.rc">
      <Filter>Resource Files</Filter>
    </ResourceCompile>
  </ItemGroup>
  <ItemGroup>
    <Library Include="..\Common\htmlhelp.lib">
      <Filter>Common Files</Filter>
    </Library>
  </ItemGroup>
</Project>