<?xml version="1.0" encoding="utf-8"?>
<Project ToolsVersion="4.0" xmlns="http://schemas.microsoft.com/developer/msbuild/2003">
  <ItemGroup>
    <Filter Include="Source Files">
      <UniqueIdentifier>{9d1dccae-d6aa-45dd-afd2-841b3f8a5822}</UniqueIdentifier>
      <Extensions>cpp;c;cc;cxx;def;idl;odl</Extensions>
    </Filter>
    <Filter Include="Include Files">
      <UniqueIdentifier>{3ff9aae5-5805-403e-8aa4-3cbaf5acfd12}</UniqueIdentifier>
      <Extensions>h;hh;hxx</Extensions>
    </Filter>
    <Filter Include="Resource Files">
      <UniqueIdentifier>{65564dbb-8006-4933-85be-9052e914fe43}</UniqueIdentifier>
      <Extensions>rc;ico;bmp;cur;jpg;gif</Extensions>
    </Filter>
    <Filter Include="Common Files">
      <UniqueIdentifier>{e506ec0d-9bc3-4425-8678-2244521fc6f2}</UniqueIdentifier>
    </Filter>
  </ItemGroup>
  <ItemGroup>
    <ClCompile Include="acrxEntryPoint.cpp">
      <Filter>Source Files</Filter>
    </ClCompile>
    <ClCompile Include="ConductorInfo.cpp">
      <Filter>Source Files</Filter>
    </ClCompile>
    <ClCompile Include="DocData.cpp">
      <Filter>Source Files</Filter>
    </ClCompile>
    <ClCompile Include="InsertPolesAndConductorsDlg.cpp">
      <Filter>Source Files</Filter>
    </ClCompile>
    <ClCompile Include="NewPolesAndConductors.cpp">
      <Filter>Source Files</Filter>
    </ClCompile>
    <ClCompile Include="StdAfx.cpp">
      <Filter>Source Files</Filter>
    </ClCompile>
    <ClCompile Include="..\Common\BalloonHelp.cpp">
      <Filter>Common Files</Filter>
    </ClCompile>
    <ClCompile Include="..\Common\DCSFloatEdit.cpp">
      <Filter>Common Files</Filter>
    </ClCompile>
    <ClCompile Include="..\Common\JoinSegments.cpp">
      <Filter>Common Files</Filter>
    </ClCompile>
    <ClCompile Include="..\Common\ProjectUtils.cpp">
      <Filter>Common Files</Filter>
    </ClCompile>
    <ClCompile Include="..\Common\QueryTbl.cpp">
      <Filter>Common Files</Filter>
    </ClCompile>
    <ClCompile Include="..\Common\ReadINI.cpp">
      <Filter>Common Files</Filter>
    </ClCompile>
    <ClCompile Include="..\Common\XPathParser.cpp">
      <Filter>Common Files</Filter>
    </ClCompile>
  </ItemGroup>
  <ItemGroup>
    <ClInclude Include="ConductorInfo.h">
      <Filter>Include Files</Filter>
    </ClInclude>
    <ClInclude Include="DocData.h">
      <Filter>Include Files</Filter>
    </ClInclude>
    <ClInclude Include="InsertPolesAndConductorsDlg.h">
      <Filter>Include Files</Filter>
    </ClInclude>
    <ClInclude Include="Resource.h">
      <Filter>Include Files</Filter>
    </ClInclude>
    <ClInclude Include="StdAfx.h">
      <Filter>Include Files</Filter>
    </ClInclude>
    <ClInclude Include="..\Common\BalloonHelp.h">
      <Filter>Common Files</Filter>
    </ClInclude>
    <ClInclude Include="..\Common\DCSFloatEdit.h">
      <Filter>Common Files</Filter>
    </ClInclude>
    <ClInclude Include="..\Common\Hherror.h">
      <Filter>Common Files</Filter>
    </ClInclude>
    <ClInclude Include="..\Common\JoinSegments.h">
      <Filter>Common Files</Filter>
    </ClInclude>
    <ClInclude Include="..\Common\ProjectUtils.h">
      <Filter>Common Files</Filter>
    </ClInclude>
    <ClInclude Include="..\Common\QueryTbl.h">
      <Filter>Common Files</Filter>
    </ClInclude>
    <ClInclude Include="..\Common\XPathParser.h">
      <Filter>Common Files</Filter>
    </ClInclude>
  </ItemGroup>
  <ItemGroup>
    <ResourceCompile Include="NewPolesAndConductors.rc">
      <Filter>Resource Files</Filter>
    </ResourceCompile>
  </ItemGroup>
  <ItemGroup>
    <Library Include="..\Common\htmlhelp.lib">
      <Filter>Common Files</Filter>
    </Library>
  </ItemGroup>
</Project>